<?xml version="1.0" encoding="utf-8"?>
<Project ToolsVersion="4.0" xmlns="http://schemas.microsoft.com/developer/msbuild/2003">
  <ItemGroup>
    <Filter Include="Header Files">
      <UniqueIdentifier>{F20E4E0E-8B19-483B-AEFD-CF9062285476}</UniqueIdentifier>
    </Filter>
    <Filter Include="Source Files">
      <UniqueIdentifier>{A5C4D275-8B1B-4E69-AAC9-B8A225A689ED}</UniqueIdentifier>
    </Filter>
    <Filter Include="Tests">
      <UniqueIdentifier>{2DCA8020-AEB0-4688-99DE-2AC48F7EF66B}</UniqueIdentifier>
    </Filter>
    <Filter Include="Build">
      <UniqueIdentifier>{9F2C41CE-222F-4822-BD09-8EF5751D582C}</UniqueIdentifier>
    </Filter>
  </ItemGroup>
  <ItemGroup>
    <ClInclude Include="src\d3d8_scaler.h">
      <Filter>Header Files</Filter>
    </ClInclude>
    <ClInclude Include="include\ijl15.h">
      <Filter>Header Files</Filter>
    </ClInclude>
    <ClInclude Include="src\dnf_patches.h">
      <Filter>Header Files</Filter>
    </ClInclude>
    <ClInclude Include="src\external_string_table.h">
      <Filter>Header Files</Filter>
    </ClInclude>
    <ClInclude Include="src\ijl15_config.h">
      <Filter>Header Files</Filter>
    </ClInclude>
    <ClInclude Include="src\memory_patch.h">
      <Filter>Header Files</Filter>
    </ClInclude>
    <ClInclude Include="src\message_audio.h">
      <Filter>Header Files</Filter>
    </ClInclude>
    <ClInclude Include="src\output_paths.h">
      <Filter>Header Files</Filter>
    </ClInclude>
    <ClInclude Include="src\performance_overlay.h">
      <Filter>Header Files</Filter>
    </ClInclude>
    <ClInclude Include="src\mouse_wheel.h">
      <Filter>Header Files</Filter>
    </ClInclude>
    <ClInclude Include="src\window_scaling.h">
      <Filter>Header Files</Filter>
    </ClInclude>
  </ItemGroup>
  <ItemGroup>
    <ClCompile Include="src\d3d8_scaler.cpp">
      <Filter>Source Files</Filter>
    </ClCompile>
    <ClCompile Include="src\dnf_patches.cpp">
      <Filter>Source Files</Filter>
    </ClCompile>
    <ClCompile Include="src\external_string_table.cpp">
      <Filter>Source Files</Filter>
    </ClCompile>
    <ClCompile Include="src\ijl15_config.cpp">
      <Filter>Source Files</Filter>
    </ClCompile>
    <ClCompile Include="src\ijl15.cpp">
      <Filter>Source Files</Filter>
    </ClCompile>
    <ClCompile Include="src\memory_patch.cpp">
      <Filter>Source Files</Filter>
    </ClCompile>
    <ClCompile Include="src\message_audio.cpp">
      <Filter>Source Files</Filter>
    </ClCompile>
    <ClCompile Include="src\output_paths.cpp">
      <Filter>Source Files</Filter>
    </ClCompile>
    <ClCompile Include="src\performance_overlay.cpp">
      <Filter>Source Files</Filter>
    </ClCompile>
    <ClCompile Include="src\mouse_wheel.cpp">
      <Filter>Source Files</Filter>
    </ClCompile>
    <ClCompile Include="src\window_scaling.cpp">
      <Filter>Source Files</Filter>
    </ClCompile>
  </ItemGroup>
  <ItemGroup>
    <None Include="tests\ijl15_tests.cpp">
      <Filter>Tests</Filter>
    </None>
    <None Include="src\ijl15.def">
      <Filter>Source Files</Filter>
    </None>
    <None Include="build-native.ps1">
      <Filter>Build</Filter>
    </None>
    <None Include="CMakeLists.txt">
      <Filter>Build</Filter>
    </None>
    <None Include="Config.ini">
      <Filter>Build</Filter>
    </None>
  </ItemGroup>
</Project>
