<Solution>
  <Configurations>
    <Platform Name="Any CPU" />
    <Platform Name="x64" />
    <Platform Name="x86" />
  </Configurations>
  <Project Path="Server/DFLegacy.Server/DFLegacy.Server.csproj" />
  <Project Path="Server/DFLegacy.Server.SelfTests/DFLegacy.Server.SelfTests.csproj" />
  <Project Path="Client/DFLegacy.Launcher/DFLegacy.Launcher.csproj" />
  <!-- 原生项目仅作 IDE 可见性成员：构建统一走 patch.bat（docs/design/03 · 4.5），
       不参与解决方案配置矩阵（Ijl15 仅 Win32，RandomNative 仅 x64）。 -->
  <Project Path="Client/DFLegacy.Ijl15/DFLegacy.Ijl15.vcxproj">
    <Build Project="false" />
  </Project>
  <Project Path="Client/DFLegacy.RandomNative/DFLegacy.RandomNative.vcxproj" Id="414afaaa-2b3d-4d08-959c-10c4208e65b0">
    <Build Project="false" />
  </Project>
</Solution>
